// !$*UTF8*$!
{
	archiveVersion = 1;
	classes = {
	};
	objectVersion = 46;
	objects = {

/* Begin PBXBuildFile section */
		4B2891E81B86B7CE004FEA90 /* BloodSugerMonitorViewController.swift in Sources */ = {isa = PBXBuildFile; fileRef = 4B2891E71B86B7CE004FEA90 /* BloodSugerMonitorViewController.swift */; };
		4B2891EA1B86B7FE004FEA90 /* BloodSugerAnalysisDiagramViewController.swift in Sources */ = {isa = PBXBuildFile; fileRef = 4B2891E91B86B7FE004FEA90 /* BloodSugerAnalysisDiagramViewController.swift */; };
		4B2891EC1B86B887004FEA90 /* BloodSugerAnalysisCurveViewController.swift in Sources */ = {isa = PBXBuildFile; fileRef = 4B2891EB1B86B887004FEA90 /* BloodSugerAnalysisCurveViewController.swift */; };
		4B9BF9121B82C1740056C990 /* AppDelegate.swift in Sources */ = {isa = PBXBuildFile; fileRef = 4B9BF9111B82C1740056C990 /* AppDelegate.swift */; };
		4B9BF9191B82C1740056C990 /* Images.xcassets in Resources */ = {isa = PBXBuildFile; fileRef = 4B9BF9181B82C1740056C990 /* Images.xcassets */; };
		4B9BF91C1B82C1740056C990 /* LaunchScreen.xib in Resources */ = {isa = PBXBuildFile; fileRef = 4B9BF91A1B82C1740056C990 /* LaunchScreen.xib */; };
		4B9BF9281B82C1740056C990 /* IOSChartsDemoTests.swift in Sources */ = {isa = PBXBuildFile; fileRef = 4B9BF9271B82C1740056C990 /* IOSChartsDemoTests.swift */; };
		4B9BF93A1B82C2B60056C990 /* Main.storyboard in Resources */ = {isa = PBXBuildFile; fileRef = 4B9BF9391B82C2B60056C990 /* Main.storyboard */; };
		4B9BF93C1B82C2C80056C990 /* BarChartViewController.swift in Sources */ = {isa = PBXBuildFile; fileRef = 4B9BF93B1B82C2C80056C990 /* BarChartViewController.swift */; };
		4B9BF93D1B82C2DD0056C990 /* Charts.framework in Frameworks */ = {isa = PBXBuildFile; fileRef = 4B9BF9361B82C24D0056C990 /* Charts.framework */; };
		4B9BF93E1B82C2DD0056C990 /* Charts.framework in Embed Frameworks */ = {isa = PBXBuildFile; fileRef = 4B9BF9361B82C24D0056C990 /* Charts.framework */; settings = {ATTRIBUTES = (CodeSignOnCopy, RemoveHeadersOnCopy, ); }; };
		4B9BF94A1B82C5EF0056C990 /* PieChartsViewController.swift in Sources */ = {isa = PBXBuildFile; fileRef = 4B9BF9431B82C5EF0056C990 /* PieChartsViewController.swift */; };
		4B9BF94B1B82C5EF0056C990 /* DrawCharts.swift in Sources */ = {isa = PBXBuildFile; fileRef = 4B9BF9441B82C5EF0056C990 /* DrawCharts.swift */; };
		4B9BF94C1B82C5EF0056C990 /* LineChartViewController.swift in Sources */ = {isa = PBXBuildFile; fileRef = 4B9BF9451B82C5EF0056C990 /* LineChartViewController.swift */; };
		4B9BF94D1B82C5EF0056C990 /* DrawChartsGuide.swift in Sources */ = {isa = PBXBuildFile; fileRef = 4B9BF9461B82C5EF0056C990 /* DrawChartsGuide.swift */; };
		4B9BF94E1B82C5EF0056C990 /* CubicLineChartViewController.swift in Sources */ = {isa = PBXBuildFile; fileRef = 4B9BF9471B82C5EF0056C990 /* CubicLineChartViewController.swift */; };
		4B9BF94F1B82C5EF0056C990 /* CombineViewController.swift in Sources */ = {isa = PBXBuildFile; fileRef = 4B9BF9481B82C5EF0056C990 /* CombineViewController.swift */; };
		4B9BF9501B82C5EF0056C990 /* TestChartViewController.swift in Sources */ = {isa = PBXBuildFile; fileRef = 4B9BF9491B82C5EF0056C990 /* TestChartViewController.swift */; };
		4B9BF9521B82C9710056C990 /* ProblemViewController.swift in Sources */ = {isa = PBXBuildFile; fileRef = 4B9BF9511B82C9710056C990 /* ProblemViewController.swift */; };
		4B9BF9551B831C930056C990 /* bg_blood_pressure.png in Resources */ = {isa = PBXBuildFile; fileRef = 4B9BF9541B831C930056C990 /* bg_blood_pressure.png */; };
		4BB9AA6D1B8AB43700A4D459 /* BodyFatMonitorViewController.swift in Sources */ = {isa = PBXBuildFile; fileRef = 4BB9AA6C1B8AB43700A4D459 /* BodyFatMonitorViewController.swift */; };
		4BB9AA6F1B8AB48800A4D459 /* BodyFatAnalysisDiagramViewController.swift in Sources */ = {isa = PBXBuildFile; fileRef = 4BB9AA6E1B8AB48800A4D459 /* BodyFatAnalysisDiagramViewController.swift */; };
		4BB9AA711B8AB6F300A4D459 /* BodyFatAnalysisCurveViewController.swift in Sources */ = {isa = PBXBuildFile; fileRef = 4BB9AA701B8AB6F300A4D459 /* BodyFatAnalysisCurveViewController.swift */; };
		4BB9AA731B8C000900A4D459 /* BodyWeightViewController.swift in Sources */ = {isa = PBXBuildFile; fileRef = 4BB9AA721B8C000900A4D459 /* BodyWeightViewController.swift */; };
		4BB9AA761B8C0E7600A4D459 /* BodyHeightViewController.swift in Sources */ = {isa = PBXBuildFile; fileRef = 4BB9AA751B8C0E7600A4D459 /* BodyHeightViewController.swift */; };
		4BB9AA781B8C153800A4D459 /* BodyHeightAnalysisViewController.swift in Sources */ = {isa = PBXBuildFile; fileRef = 4BB9AA771B8C153800A4D459 /* BodyHeightAnalysisViewController.swift */; };
		4BB9AA7A1B8C3C3D00A4D459 /* TemperatureViewController.swift in Sources */ = {isa = PBXBuildFile; fileRef = 4BB9AA791B8C3C3D00A4D459 /* TemperatureViewController.swift */; };
		4BB9AA7C1B8C3CA400A4D459 /* TemperatureAnalysisViewController.swift in Sources */ = {isa = PBXBuildFile; fileRef = 4BB9AA7B1B8C3CA400A4D459 /* TemperatureAnalysisViewController.swift */; };
		4BB9AA7E1B8C67A900A4D459 /* HomePageViewController.swift in Sources */ = {isa = PBXBuildFile; fileRef = 4BB9AA7D1B8C67A900A4D459 /* HomePageViewController.swift */; };
		4BB9AA801B8C67BB00A4D459 /* BloodPressureMonitorViewController.swift in Sources */ = {isa = PBXBuildFile; fileRef = 4BB9AA7F1B8C67BB00A4D459 /* BloodPressureMonitorViewController.swift */; };
		4BB9AA821B8C67E400A4D459 /* BloodPressureAnalysisDiagramViewController.swift in Sources */ = {isa = PBXBuildFile; fileRef = 4BB9AA811B8C67E400A4D459 /* BloodPressureAnalysisDiagramViewController.swift */; };
		4BB9AA841B8C67FE00A4D459 /* BloodPressureAnalysisCurveViewController.swift in Sources */ = {isa = PBXBuildFile; fileRef = 4BB9AA831B8C67FE00A4D459 /* BloodPressureAnalysisCurveViewController.swift */; };
		8F0021391BA2797D006E13D5 /* SleepAnalysisOneDayViewController.swift in Sources */ = {isa = PBXBuildFile; fileRef = 8F0021381BA2797D006E13D5 /* SleepAnalysisOneDayViewController.swift */; };
		8F00213B1BA279F2006E13D5 /* SleepAnalysisOneWeekViewController.swift in Sources */ = {isa = PBXBuildFile; fileRef = 8F00213A1BA279F2006E13D5 /* SleepAnalysisOneWeekViewController.swift */; };
/* End PBXBuildFile section */

/* Begin PBXContainerItemProxy section */
		4B9BF9221B82C1740056C990 /* PBXContainerItemProxy */ = {
			isa = PBXContainerItemProxy;
			containerPortal = 4B9BF9041B82C1740056C990 /* Project object */;
			proxyType = 1;
			remoteGlobalIDString = 4B9BF90B1B82C1740056C990;
			remoteInfo = IOSChartsDemo;
		};
		4B9BF9351B82C24D0056C990 /* PBXContainerItemProxy */ = {
			isa = PBXContainerItemProxy;
			containerPortal = 4B9BF9311B82C24D0056C990 /* Charts.xcodeproj */;
			proxyType = 2;
			remoteGlobalIDString = 5BA8EC401A9D14DC00CE82E1;
			remoteInfo = Charts;
		};
		4B9BF93F1B82C2DD0056C990 /* PBXContainerItemProxy */ = {
			isa = PBXContainerItemProxy;
			containerPortal = 4B9BF9311B82C24D0056C990 /* Charts.xcodeproj */;
			proxyType = 1;
			remoteGlobalIDString = 5BA8EC3F1A9D14DC00CE82E1;
			remoteInfo = Charts;
		};
/* End PBXContainerItemProxy section */

/* Begin PBXCopyFilesBuildPhase section */
		4B9BF9411B82C2DD0056C990 /* Embed Frameworks */ = {
			isa = PBXCopyFilesBuildPhase;
			buildActionMask = 2147483647;
			dstPath = "";
			dstSubfolderSpec = 10;
			files = (
				4B9BF93E1B82C2DD0056C990 /* Charts.framework in Embed Frameworks */,
			);
			name = "Embed Frameworks";
			runOnlyForDeploymentPostprocessing = 0;
		};
/* End PBXCopyFilesBuildPhase section */

/* Begin PBXFileReference section */
		4B2891E71B86B7CE004FEA90 /* BloodSugerMonitorViewController.swift */ = {isa = PBXFileReference; fileEncoding = 4; lastKnownFileType = sourcecode.swift; path = BloodSugerMonitorViewController.swift; sourceTree = "<group>"; };
		4B2891E91B86B7FE004FEA90 /* BloodSugerAnalysisDiagramViewController.swift */ = {isa = PBXFileReference; fileEncoding = 4; lastKnownFileType = sourcecode.swift; path = BloodSugerAnalysisDiagramViewController.swift; sourceTree = "<group>"; };
		4B2891EB1B86B887004FEA90 /* BloodSugerAnalysisCurveViewController.swift */ = {isa = PBXFileReference; fileEncoding = 4; lastKnownFileType = sourcecode.swift; path = BloodSugerAnalysisCurveViewController.swift; sourceTree = "<group>"; };
		4B9BF90C1B82C1740056C990 /* IOSChartsDemo.app */ = {isa = PBXFileReference; explicitFileType = wrapper.application; includeInIndex = 0; path = IOSChartsDemo.app; sourceTree = BUILT_PRODUCTS_DIR; };
		4B9BF9101B82C1740056C990 /* Info.plist */ = {isa = PBXFileReference; lastKnownFileType = text.plist.xml; path = Info.plist; sourceTree = "<group>"; };
		4B9BF9111B82C1740056C990 /* AppDelegate.swift */ = {isa = PBXFileReference; lastKnownFileType = sourcecode.swift; path = AppDelegate.swift; sourceTree = "<group>"; };
		4B9BF9181B82C1740056C990 /* Images.xcassets */ = {isa = PBXFileReference; lastKnownFileType = folder.assetcatalog; path = Images.xcassets; sourceTree = "<group>"; };
		4B9BF91B1B82C1740056C990 /* Base */ = {isa = PBXFileReference; lastKnownFileType = file.xib; name = Base; path = Base.lproj/LaunchScreen.xib; sourceTree = "<group>"; };
		4B9BF9211B82C1740056C990 /* IOSChartsDemoTests.xctest */ = {isa = PBXFileReference; explicitFileType = wrapper.cfbundle; includeInIndex = 0; path = IOSChartsDemoTests.xctest; sourceTree = BUILT_PRODUCTS_DIR; };
		4B9BF9261B82C1740056C990 /* Info.plist */ = {isa = PBXFileReference; lastKnownFileType = text.plist.xml; path = Info.plist; sourceTree = "<group>"; };
		4B9BF9271B82C1740056C990 /* IOSChartsDemoTests.swift */ = {isa = PBXFileReference; lastKnownFileType = sourcecode.swift; path = IOSChartsDemoTests.swift; sourceTree = "<group>"; };
		4B9BF9311B82C24D0056C990 /* Charts.xcodeproj */ = {isa = PBXFileReference; lastKnownFileType = "wrapper.pb-project"; name = Charts.xcodeproj; path = Charts/Charts.xcodeproj; sourceTree = "<group>"; };
		4B9BF9391B82C2B60056C990 /* Main.storyboard */ = {isa = PBXFileReference; fileEncoding = 4; lastKnownFileType = file.storyboard; path = Main.storyboard; sourceTree = "<group>"; };
		4B9BF93B1B82C2C80056C990 /* BarChartViewController.swift */ = {isa = PBXFileReference; fileEncoding = 4; lastKnownFileType = sourcecode.swift; path = BarChartViewController.swift; sourceTree = "<group>"; };
		4B9BF9431B82C5EF0056C990 /* PieChartsViewController.swift */ = {isa = PBXFileReference; fileEncoding = 4; lastKnownFileType = sourcecode.swift; path = PieChartsViewController.swift; sourceTree = "<group>"; };
		4B9BF9441B82C5EF0056C990 /* DrawCharts.swift */ = {isa = PBXFileReference; fileEncoding = 4; lastKnownFileType = sourcecode.swift; path = DrawCharts.swift; sourceTree = "<group>"; };
		4B9BF9451B82C5EF0056C990 /* LineChartViewController.swift */ = {isa = PBXFileReference; fileEncoding = 4; lastKnownFileType = sourcecode.swift; path = LineChartViewController.swift; sourceTree = "<group>"; };
		4B9BF9461B82C5EF0056C990 /* DrawChartsGuide.swift */ = {isa = PBXFileReference; fileEncoding = 4; lastKnownFileType = sourcecode.swift; path = DrawChartsGuide.swift; sourceTree = "<group>"; };
		4B9BF9471B82C5EF0056C990 /* CubicLineChartViewController.swift */ = {isa = PBXFileReference; fileEncoding = 4; lastKnownFileType = sourcecode.swift; path = CubicLineChartViewController.swift; sourceTree = "<group>"; };
		4B9BF9481B82C5EF0056C990 /* CombineViewController.swift */ = {isa = PBXFileReference; fileEncoding = 4; lastKnownFileType = sourcecode.swift; path = CombineViewController.swift; sourceTree = "<group>"; };
		4B9BF9491B82C5EF0056C990 /* TestChartViewController.swift */ = {isa = PBXFileReference; fileEncoding = 4; lastKnownFileType = sourcecode.swift; path = TestChartViewController.swift; sourceTree = "<group>"; };
		4B9BF9511B82C9710056C990 /* ProblemViewController.swift */ = {isa = PBXFileReference; fileEncoding = 4; lastKnownFileType = sourcecode.swift; path = ProblemViewController.swift; sourceTree = "<group>"; };
		4B9BF9541B831C930056C990 /* bg_blood_pressure.png */ = {isa = PBXFileReference; lastKnownFileType = image.png; path = bg_blood_pressure.png; sourceTree = "<group>"; };
		4BB9AA6C1B8AB43700A4D459 /* BodyFatMonitorViewController.swift */ = {isa = PBXFileReference; fileEncoding = 4; lastKnownFileType = sourcecode.swift; path = BodyFatMonitorViewController.swift; sourceTree = "<group>"; };
		4BB9AA6E1B8AB48800A4D459 /* BodyFatAnalysisDiagramViewController.swift */ = {isa = PBXFileReference; fileEncoding = 4; lastKnownFileType = sourcecode.swift; path = BodyFatAnalysisDiagramViewController.swift; sourceTree = "<group>"; };
		4BB9AA701B8AB6F300A4D459 /* BodyFatAnalysisCurveViewController.swift */ = {isa = PBXFileReference; fileEncoding = 4; lastKnownFileType = sourcecode.swift; path = BodyFatAnalysisCurveViewController.swift; sourceTree = "<group>"; };
		4BB9AA721B8C000900A4D459 /* BodyWeightViewController.swift */ = {isa = PBXFileReference; fileEncoding = 4; lastKnownFileType = sourcecode.swift; path = BodyWeightViewController.swift; sourceTree = "<group>"; };
		4BB9AA751B8C0E7600A4D459 /* BodyHeightViewController.swift */ = {isa = PBXFileReference; fileEncoding = 4; lastKnownFileType = sourcecode.swift; path = BodyHeightViewController.swift; sourceTree = "<group>"; };
		4BB9AA771B8C153800A4D459 /* BodyHeightAnalysisViewController.swift */ = {isa = PBXFileReference; fileEncoding = 4; lastKnownFileType = sourcecode.swift; path = BodyHeightAnalysisViewController.swift; sourceTree = "<group>"; };
		4BB9AA791B8C3C3D00A4D459 /* TemperatureViewController.swift */ = {isa = PBXFileReference; fileEncoding = 4; lastKnownFileType = sourcecode.swift; path = TemperatureViewController.swift; sourceTree = "<group>"; };
		4BB9AA7B1B8C3CA400A4D459 /* TemperatureAnalysisViewController.swift */ = {isa = PBXFileReference; fileEncoding = 4; lastKnownFileType = sourcecode.swift; path = TemperatureAnalysisViewController.swift; sourceTree = "<group>"; };
		4BB9AA7D1B8C67A900A4D459 /* HomePageViewController.swift */ = {isa = PBXFileReference; fileEncoding = 4; lastKnownFileType = sourcecode.swift; path = HomePageViewController.swift; sourceTree = "<group>"; };
		4BB9AA7F1B8C67BB00A4D459 /* BloodPressureMonitorViewController.swift */ = {isa = PBXFileReference; fileEncoding = 4; lastKnownFileType = sourcecode.swift; path = BloodPressureMonitorViewController.swift; sourceTree = "<group>"; };
		4BB9AA811B8C67E400A4D459 /* BloodPressureAnalysisDiagramViewController.swift */ = {isa = PBXFileReference; fileEncoding = 4; lastKnownFileType = sourcecode.swift; path = BloodPressureAnalysisDiagramViewController.swift; sourceTree = "<group>"; };
		4BB9AA831B8C67FE00A4D459 /* BloodPressureAnalysisCurveViewController.swift */ = {isa = PBXFileReference; fileEncoding = 4; lastKnownFileType = sourcecode.swift; path = BloodPressureAnalysisCurveViewController.swift; sourceTree = "<group>"; };
		8F0021381BA2797D006E13D5 /* SleepAnalysisOneDayViewController.swift */ = {isa = PBXFileReference; fileEncoding = 4; lastKnownFileType = sourcecode.swift; path = SleepAnalysisOneDayViewController.swift; sourceTree = "<group>"; };
		8F00213A1BA279F2006E13D5 /* SleepAnalysisOneWeekViewController.swift */ = {isa = PBXFileReference; fileEncoding = 4; lastKnownFileType = sourcecode.swift; path = SleepAnalysisOneWeekViewController.swift; sourceTree = "<group>"; };
/* End PBXFileReference section */

/* Begin PBXFrameworksBuildPhase section */
		4B9BF9091B82C1740056C990 /* Frameworks */ = {
			isa = PBXFrameworksBuildPhase;
			buildActionMask = 2147483647;
			files = (
				4B9BF93D1B82C2DD0056C990 /* Charts.framework in Frameworks */,
			);
			runOnlyForDeploymentPostprocessing = 0;
		};
		4B9BF91E1B82C1740056C990 /* Frameworks */ = {
			isa = PBXFrameworksBuildPhase;
			buildActionMask = 2147483647;
			files = (
			);
			runOnlyForDeploymentPostprocessing = 0;
		};
/* End PBXFrameworksBuildPhase section */

/* Begin PBXGroup section */
		4B2891E61B86B762004FEA90 /* testViewController */ = {
			isa = PBXGroup;
			children = (
				4B2891E71B86B7CE004FEA90 /* BloodSugerMonitorViewController.swift */,
				4B2891E91B86B7FE004FEA90 /* BloodSugerAnalysisDiagramViewController.swift */,
				4B2891EB1B86B887004FEA90 /* BloodSugerAnalysisCurveViewController.swift */,
				4BB9AA6C1B8AB43700A4D459 /* BodyFatMonitorViewController.swift */,
				4BB9AA6E1B8AB48800A4D459 /* BodyFatAnalysisDiagramViewController.swift */,
				4BB9AA701B8AB6F300A4D459 /* BodyFatAnalysisCurveViewController.swift */,
				4BB9AA721B8C000900A4D459 /* BodyWeightViewController.swift */,
				4BB9AA751B8C0E7600A4D459 /* BodyHeightViewController.swift */,
				4BB9AA771B8C153800A4D459 /* BodyHeightAnalysisViewController.swift */,
				4BB9AA791B8C3C3D00A4D459 /* TemperatureViewController.swift */,
				4BB9AA7B1B8C3CA400A4D459 /* TemperatureAnalysisViewController.swift */,
				4BB9AA7D1B8C67A900A4D459 /* HomePageViewController.swift */,
				4BB9AA7F1B8C67BB00A4D459 /* BloodPressureMonitorViewController.swift */,
				4BB9AA811B8C67E400A4D459 /* BloodPressureAnalysisDiagramViewController.swift */,
				4BB9AA831B8C67FE00A4D459 /* BloodPressureAnalysisCurveViewController.swift */,
				8F0021381BA2797D006E13D5 /* SleepAnalysisOneDayViewController.swift */,
				8F00213A1BA279F2006E13D5 /* SleepAnalysisOneWeekViewController.swift */,
			);
			name = testViewController;
			sourceTree = "<group>";
		};
		4B9BF9031B82C1740056C990 = {
			isa = PBXGroup;
			children = (
				4B9BF9311B82C24D0056C990 /* Charts.xcodeproj */,
				4B9BF90E1B82C1740056C990 /* IOSChartsDemo */,
				4B9BF9241B82C1740056C990 /* IOSChartsDemoTests */,
				4B9BF90D1B82C1740056C990 /* Products */,
			);
			sourceTree = "<group>";
		};
		4B9BF90D1B82C1740056C990 /* Products */ = {
			isa = PBXGroup;
			children = (
				4B9BF90C1B82C1740056C990 /* IOSChartsDemo.app */,
				4B9BF9211B82C1740056C990 /* IOSChartsDemoTests.xctest */,
			);
			name = Products;
			sourceTree = "<group>";
		};
		4B9BF90E1B82C1740056C990 /* IOSChartsDemo */ = {
			isa = PBXGroup;
			children = (
				4BB9AA861B8D6B8D00A4D459 /* Demo */,
				4B2891E61B86B762004FEA90 /* testViewController */,
				4B9BF9441B82C5EF0056C990 /* DrawCharts.swift */,
				4B9BF9391B82C2B60056C990 /* Main.storyboard */,
				4B9BF9111B82C1740056C990 /* AppDelegate.swift */,
				4B9BF9181B82C1740056C990 /* Images.xcassets */,
				4B9BF9541B831C930056C990 /* bg_blood_pressure.png */,
				4B9BF91A1B82C1740056C990 /* LaunchScreen.xib */,
				4B9BF90F1B82C1740056C990 /* Supporting Files */,
			);
			path = IOSChartsDemo;
			sourceTree = "<group>";
		};
		4B9BF90F1B82C1740056C990 /* Supporting Files */ = {
			isa = PBXGroup;
			children = (
				4B9BF9101B82C1740056C990 /* Info.plist */,
			);
			name = "Supporting Files";
			sourceTree = "<group>";
		};
		4B9BF9241B82C1740056C990 /* IOSChartsDemoTests */ = {
			isa = PBXGroup;
			children = (
				4B9BF9271B82C1740056C990 /* IOSChartsDemoTests.swift */,
				4B9BF9251B82C1740056C990 /* Supporting Files */,
			);
			path = IOSChartsDemoTests;
			sourceTree = "<group>";
		};
		4B9BF9251B82C1740056C990 /* Supporting Files */ = {
			isa = PBXGroup;
			children = (
				4B9BF9261B82C1740056C990 /* Info.plist */,
			);
			name = "Supporting Files";
			sourceTree = "<group>";
		};
		4B9BF9321B82C24D0056C990 /* Products */ = {
			isa = PBXGroup;
			children = (
				4B9BF9361B82C24D0056C990 /* Charts.framework */,
			);
			name = Products;
			sourceTree = "<group>";
		};
		4BB9AA861B8D6B8D00A4D459 /* Demo */ = {
			isa = PBXGroup;
			children = (
				4B9BF9511B82C9710056C990 /* ProblemViewController.swift */,
				4B9BF9431B82C5EF0056C990 /* PieChartsViewController.swift */,
				4B9BF9451B82C5EF0056C990 /* LineChartViewController.swift */,
				4B9BF9461B82C5EF0056C990 /* DrawChartsGuide.swift */,
				4B9BF9471B82C5EF0056C990 /* CubicLineChartViewController.swift */,
				4B9BF9481B82C5EF0056C990 /* CombineViewController.swift */,
				4B9BF9491B82C5EF0056C990 /* TestChartViewController.swift */,
				4B9BF93B1B82C2C80056C990 /* BarChartViewController.swift */,
			);
			name = Demo;
			sourceTree = "<group>";
		};
/* End PBXGroup section */

/* Begin PBXNativeTarget section */
		4B9BF90B1B82C1740056C990 /* IOSChartsDemo */ = {
			isa = PBXNativeTarget;
			buildConfigurationList = 4B9BF92B1B82C1740056C990 /* Build configuration list for PBXNativeTarget "IOSChartsDemo" */;
			buildPhases = (
				4B9BF9081B82C1740056C990 /* Sources */,
				4B9BF9091B82C1740056C990 /* Frameworks */,
				4B9BF90A1B82C1740056C990 /* Resources */,
				4B9BF9411B82C2DD0056C990 /* Embed Frameworks */,
			);
			buildRules = (
			);
			dependencies = (
				4B9BF9401B82C2DD0056C990 /* PBXTargetDependency */,
			);
			name = IOSChartsDemo;
			productName = IOSChartsDemo;
			productReference = 4B9BF90C1B82C1740056C990 /* IOSChartsDemo.app */;
			productType = "com.apple.product-type.application";
		};
		4B9BF9201B82C1740056C990 /* IOSChartsDemoTests */ = {
			isa = PBXNativeTarget;
			buildConfigurationList = 4B9BF92E1B82C1740056C990 /* Build configuration list for PBXNativeTarget "IOSChartsDemoTests" */;
			buildPhases = (
				4B9BF91D1B82C1740056C990 /* Sources */,
				4B9BF91E1B82C1740056C990 /* Frameworks */,
				4B9BF91F1B82C1740056C990 /* Resources */,
			);
			buildRules = (
			);
			dependencies = (
				4B9BF9231B82C1740056C990 /* PBXTargetDependency */,
			);
			name = IOSChartsDemoTests;
			productName = IOSChartsDemoTests;
			productReference = 4B9BF9211B82C1740056C990 /* IOSChartsDemoTests.xctest */;
			productType = "com.apple.product-type.bundle.unit-test";
		};
/* End PBXNativeTarget section */

/* Begin PBXProject section */
		4B9BF9041B82C1740056C990 /* Project object */ = {
			isa = PBXProject;
			attributes = {
				LastUpgradeCheck = 0640;
				ORGANIZATIONNAME = kankan;
				TargetAttributes = {
					4B9BF90B1B82C1740056C990 = {
						CreatedOnToolsVersion = 6.4;
					};
					4B9BF9201B82C1740056C990 = {
						CreatedOnToolsVersion = 6.4;
						TestTargetID = 4B9BF90B1B82C1740056C990;
					};
				};
			};
			buildConfigurationList = 4B9BF9071B82C1740056C990 /* Build configuration list for PBXProject "IOSChartsDemo" */;
			compatibilityVersion = "Xcode 3.2";
			developmentRegion = English;
			hasScannedForEncodings = 0;
			knownRegions = (
				en,
				Base,
			);
			mainGroup = 4B9BF9031B82C1740056C990;
			productRefGroup = 4B9BF90D1B82C1740056C990 /* Products */;
			projectDirPath = "";
			projectReferences = (
				{
					ProductGroup = 4B9BF9321B82C24D0056C990 /* Products */;
					ProjectRef = 4B9BF9311B82C24D0056C990 /* Charts.xcodeproj */;
				},
			);
			projectRoot = "";
			targets = (
				4B9BF90B1B82C1740056C990 /* IOSChartsDemo */,
				4B9BF9201B82C1740056C990 /* IOSChartsDemoTests */,
			);
		};
/* End PBXProject section */

/* Begin PBXReferenceProxy section */
		4B9BF9361B82C24D0056C990 /* Charts.framework */ = {
			isa = PBXReferenceProxy;
			fileType = wrapper.framework;
			path = Charts.framework;
			remoteRef = 4B9BF9351B82C24D0056C990 /* PBXContainerItemProxy */;
			sourceTree = BUILT_PRODUCTS_DIR;
		};
/* End PBXReferenceProxy section */

/* Begin PBXResourcesBuildPhase section */
		4B9BF90A1B82C1740056C990 /* Resources */ = {
			isa = PBXResourcesBuildPhase;
			buildActionMask = 2147483647;
			files = (
				4B9BF9551B831C930056C990 /* bg_blood_pressure.png in Resources */,
				4B9BF93A1B82C2B60056C990 /* Main.storyboard in Resources */,
				4B9BF91C1B82C1740056C990 /* LaunchScreen.xib in Resources */,
				4B9BF9191B82C1740056C990 /* Images.xcassets in Resources */,
			);
			runOnlyForDeploymentPostprocessing = 0;
		};
		4B9BF91F1B82C1740056C990 /* Resources */ = {
			isa = PBXResourcesBuildPhase;
			buildActionMask = 2147483647;
			files = (
			);
			runOnlyForDeploymentPostprocessing = 0;
		};
/* End PBXResourcesBuildPhase section */

/* Begin PBXSourcesBuildPhase section */
		4B9BF9081B82C1740056C990 /* Sources */ = {
			isa = PBXSourcesBuildPhase;
			buildActionMask = 2147483647;
			files = (
				8F00213B1BA279F2006E13D5 /* SleepAnalysisOneWeekViewController.swift in Sources */,
				4BB9AA7C1B8C3CA400A4D459 /* TemperatureAnalysisViewController.swift in Sources */,
				4BB9AA801B8C67BB00A4D459 /* BloodPressureMonitorViewController.swift in Sources */,
				4B9BF94A1B82C5EF0056C990 /* PieChartsViewController.swift in Sources */,
				4B9BF9501B82C5EF0056C990 /* TestChartViewController.swift in Sources */,
				4B2891EC1B86B887004FEA90 /* BloodSugerAnalysisCurveViewController.swift in Sources */,
				4BB9AA761B8C0E7600A4D459 /* BodyHeightViewController.swift in Sources */,
				4B9BF9121B82C1740056C990 /* AppDelegate.swift in Sources */,
				4BB9AA711B8AB6F300A4D459 /* BodyFatAnalysisCurveViewController.swift in Sources */,
				4B9BF94F1B82C5EF0056C990 /* CombineViewController.swift in Sources */,
				4B2891EA1B86B7FE004FEA90 /* BloodSugerAnalysisDiagramViewController.swift in Sources */,
				4BB9AA731B8C000900A4D459 /* BodyWeightViewController.swift in Sources */,
				4B9BF9521B82C9710056C990 /* ProblemViewController.swift in Sources */,
				4BB9AA821B8C67E400A4D459 /* BloodPressureAnalysisDiagramViewController.swift in Sources */,
				4BB9AA6F1B8AB48800A4D459 /* BodyFatAnalysisDiagramViewController.swift in Sources */,
				4B9BF94E1B82C5EF0056C990 /* CubicLineChartViewController.swift in Sources */,
				4B9BF94B1B82C5EF0056C990 /* DrawCharts.swift in Sources */,
				4BB9AA6D1B8AB43700A4D459 /* BodyFatMonitorViewController.swift in Sources */,
				4B2891E81B86B7CE004FEA90 /* BloodSugerMonitorViewController.swift in Sources */,
				4BB9AA781B8C153800A4D459 /* BodyHeightAnalysisViewController.swift in Sources */,
				4B9BF93C1B82C2C80056C990 /* BarChartViewController.swift in Sources */,
				4BB9AA7E1B8C67A900A4D459 /* HomePageViewController.swift in Sources */,
				4B9BF94C1B82C5EF0056C990 /* LineChartViewController.swift in Sources */,
				8F0021391BA2797D006E13D5 /* SleepAnalysisOneDayViewController.swift in Sources */,
				4BB9AA841B8C67FE00A4D459 /* BloodPressureAnalysisCurveViewController.swift in Sources */,
				4B9BF94D1B82C5EF0056C990 /* DrawChartsGuide.swift in Sources */,
				4BB9AA7A1B8C3C3D00A4D459 /* TemperatureViewController.swift in Sources */,
			);
			runOnlyForDeploymentPostprocessing = 0;
		};
		4B9BF91D1B82C1740056C990 /* Sources */ = {
			isa = PBXSourcesBuildPhase;
			buildActionMask = 2147483647;
			files = (
				4B9BF9281B82C1740056C990 /* IOSChartsDemoTests.swift in Sources */,
			);
			runOnlyForDeploymentPostprocessing = 0;
		};
/* End PBXSourcesBuildPhase section */

/* Begin PBXTargetDependency section */
		4B9BF9231B82C1740056C990 /* PBXTargetDependency */ = {
			isa = PBXTargetDependency;
			target = 4B9BF90B1B82C1740056C990 /* IOSChartsDemo */;
			targetProxy = 4B9BF9221B82C1740056C990 /* PBXContainerItemProxy */;
		};
		4B9BF9401B82C2DD0056C990 /* PBXTargetDependency */ = {
			isa = PBXTargetDependency;
			name = Charts;
			targetProxy = 4B9BF93F1B82C2DD0056C990 /* PBXContainerItemProxy */;
		};
/* End PBXTargetDependency section */

/* Begin PBXVariantGroup section */
		4B9BF91A1B82C1740056C990 /* LaunchScreen.xib */ = {
			isa = PBXVariantGroup;
			children = (
				4B9BF91B1B82C1740056C990 /* Base */,
			);
			name = LaunchScreen.xib;
			sourceTree = "<group>";
		};
/* End PBXVariantGroup section */

/* Begin XCBuildConfiguration section */
		4B9BF9291B82C1740056C990 /* Debug */ = {
			isa = XCBuildConfiguration;
			buildSettings = {
				ALWAYS_SEARCH_USER_PATHS = NO;
				CLANG_CXX_LANGUAGE_STANDARD = "gnu++0x";
				CLANG_CXX_LIBRARY = "libc++";
				CLANG_ENABLE_MODULES = YES;
				CLANG_ENABLE_OBJC_ARC = YES;
				CLANG_WARN_BOOL_CONVERSION = YES;
				CLANG_WARN_CONSTANT_CONVERSION = YES;
				CLANG_WARN_DIRECT_OBJC_ISA_USAGE = YES_ERROR;
				CLANG_WARN_EMPTY_BODY = YES;
				CLANG_WARN_ENUM_CONVERSION = YES;
				CLANG_WARN_INT_CONVERSION = YES;
				CLANG_WARN_OBJC_ROOT_CLASS = YES_ERROR;
				CLANG_WARN_UNREACHABLE_CODE = YES;
				CLANG_WARN__DUPLICATE_METHOD_MATCH = YES;
				"CODE_SIGN_IDENTITY[sdk=iphoneos*]" = "iPhone Developer";
				COPY_PHASE_STRIP = NO;
				DEBUG_INFORMATION_FORMAT = "dwarf-with-dsym";
				ENABLE_STRICT_OBJC_MSGSEND = YES;
				GCC_C_LANGUAGE_STANDARD = gnu99;
				GCC_DYNAMIC_NO_PIC = NO;
				GCC_NO_COMMON_BLOCKS = YES;
				GCC_OPTIMIZATION_LEVEL = 0;
				GCC_PREPROCESSOR_DEFINITIONS = (
					"DEBUG=1",
					"$(inherited)",
				);
				GCC_SYMBOLS_PRIVATE_EXTERN = NO;
				GCC_WARN_64_TO_32_BIT_CONVERSION = YES;
				GCC_WARN_ABOUT_RETURN_TYPE = YES_ERROR;
				GCC_WARN_UNDECLARED_SELECTOR = YES;
				GCC_WARN_UNINITIALIZED_AUTOS = YES_AGGRESSIVE;
				GCC_WARN_UNUSED_FUNCTION = YES;
				GCC_WARN_UNUSED_VARIABLE = YES;
				IPHONEOS_DEPLOYMENT_TARGET = 8.4;
				MTL_ENABLE_DEBUG_INFO = YES;
				ONLY_ACTIVE_ARCH = YES;
				SDKROOT = iphoneos;
				SWIFT_OPTIMIZATION_LEVEL = "-Onone";
			};
			name = Debug;
		};
		4B9BF92A1B82C1740056C990 /* Release */ = {
			isa = XCBuildConfiguration;
			buildSettings = {
				ALWAYS_SEARCH_USER_PATHS = NO;
				CLANG_CXX_LANGUAGE_STANDARD = "gnu++0x";
				CLANG_CXX_LIBRARY = "libc++";
				CLANG_ENABLE_MODULES = YES;
				CLANG_ENABLE_OBJC_ARC = YES;
				CLANG_WARN_BOOL_CONVERSION = YES;
				CLANG_WARN_CONSTANT_CONVERSION = YES;
				CLANG_WARN_DIRECT_OBJC_ISA_USAGE = YES_ERROR;
				CLANG_WARN_EMPTY_BODY = YES;
				CLANG_WARN_ENUM_CONVERSION = YES;
				CLANG_WARN_INT_CONVERSION = YES;
				CLANG_WARN_OBJC_ROOT_CLASS = YES_ERROR;
				CLANG_WARN_UNREACHABLE_CODE = YES;
				CLANG_WARN__DUPLICATE_METHOD_MATCH = YES;
				"CODE_SIGN_IDENTITY[sdk=iphoneos*]" = "iPhone Developer";
				COPY_PHASE_STRIP = NO;
				DEBUG_INFORMATION_FORMAT = "dwarf-with-dsym";
				ENABLE_NS_ASSERTIONS = NO;
				ENABLE_STRICT_OBJC_MSGSEND = YES;
				GCC_C_LANGUAGE_STANDARD = gnu99;
				GCC_NO_COMMON_BLOCKS = YES;
				GCC_WARN_64_TO_32_BIT_CONVERSION = YES;
				GCC_WARN_ABOUT_RETURN_TYPE = YES_ERROR;
				GCC_WARN_UNDECLARED_SELECTOR = YES;
				GCC_WARN_UNINITIALIZED_AUTOS = YES_AGGRESSIVE;
				GCC_WARN_UNUSED_FUNCTION = YES;
				GCC_WARN_UNUSED_VARIABLE = YES;
				IPHONEOS_DEPLOYMENT_TARGET = 8.4;
				MTL_ENABLE_DEBUG_INFO = NO;
				SDKROOT = iphoneos;
				VALIDATE_PRODUCT = YES;
			};
			name = Release;
		};
		4B9BF92C1B82C1740056C990 /* Debug */ = {
			isa = XCBuildConfiguration;
			buildSettings = {
				ASSETCATALOG_COMPILER_APPICON_NAME = AppIcon;
				INFOPLIST_FILE = IOSChartsDemo/Info.plist;
				IPHONEOS_DEPLOYMENT_TARGET = 8.4;
				LD_RUNPATH_SEARCH_PATHS = "$(inherited) @executable_path/Frameworks";
				PRODUCT_NAME = "$(TARGET_NAME)";
			};
			name = Debug;
		};
		4B9BF92D1B82C1740056C990 /* Release */ = {
			isa = XCBuildConfiguration;
			buildSettings = {
				ASSETCATALOG_COMPILER_APPICON_NAME = AppIcon;
				INFOPLIST_FILE = IOSChartsDemo/Info.plist;
				IPHONEOS_DEPLOYMENT_TARGET = 8.4;
				LD_RUNPATH_SEARCH_PATHS = "$(inherited) @executable_path/Frameworks";
				PRODUCT_NAME = "$(TARGET_NAME)";
			};
			name = Release;
		};
		4B9BF92F1B82C1740056C990 /* Debug */ = {
			isa = XCBuildConfiguration;
			buildSettings = {
				BUNDLE_LOADER = "$(TEST_HOST)";
				FRAMEWORK_SEARCH_PATHS = (
					"$(SDKROOT)/Developer/Library/Frameworks",
					"$(inherited)",
				);
				GCC_PREPROCESSOR_DEFINITIONS = (
					"DEBUG=1",
					"$(inherited)",
				);
				INFOPLIST_FILE = IOSChartsDemoTests/Info.plist;
				LD_RUNPATH_SEARCH_PATHS = "$(inherited) @executable_path/Frameworks @loader_path/Frameworks";
				PRODUCT_NAME = "$(TARGET_NAME)";
				TEST_HOST = "$(BUILT_PRODUCTS_DIR)/IOSChartsDemo.app/IOSChartsDemo";
			};
			name = Debug;
		};
		4B9BF9301B82C1740056C990 /* Release */ = {
			isa = XCBuildConfiguration;
			buildSettings = {
				BUNDLE_LOADER = "$(TEST_HOST)";
				FRAMEWORK_SEARCH_PATHS = (
					"$(SDKROOT)/Developer/Library/Frameworks",
					"$(inherited)",
				);
				INFOPLIST_FILE = IOSChartsDemoTests/Info.plist;
				LD_RUNPATH_SEARCH_PATHS = "$(inherited) @executable_path/Frameworks @loader_path/Frameworks";
				PRODUCT_NAME = "$(TARGET_NAME)";
				TEST_HOST = "$(BUILT_PRODUCTS_DIR)/IOSChartsDemo.app/IOSChartsDemo";
			};
			name = Release;
		};
/* End XCBuildConfiguration section */

/* Begin XCConfigurationList section */
		4B9BF9071B82C1740056C990 /* Build configuration list for PBXProject "IOSChartsDemo" */ = {
			isa = XCConfigurationList;
			buildConfigurations = (
				4B9BF9291B82C1740056C990 /* Debug */,
				4B9BF92A1B82C1740056C990 /* Release */,
			);
			defaultConfigurationIsVisible = 0;
			defaultConfigurationName = Release;
		};
		4B9BF92B1B82C1740056C990 /* Build configuration list for PBXNativeTarget "IOSChartsDemo" */ = {
			isa = XCConfigurationList;
			buildConfigurations = (
				4B9BF92C1B82C1740056C990 /* Debug */,
				4B9BF92D1B82C1740056C990 /* Release */,
			);
			defaultConfigurationIsVisible = 0;
			defaultConfigurationName = Release;
		};
		4B9BF92E1B82C1740056C990 /* Build configuration list for PBXNativeTarget "IOSChartsDemoTests" */ = {
			isa = XCConfigurationList;
			buildConfigurations = (
				4B9BF92F1B82C1740056C990 /* Debug */,
				4B9BF9301B82C1740056C990 /* Release */,
			);
			defaultConfigurationIsVisible = 0;
			defaultConfigurationName = Release;
		};
/* End XCConfigurationList section */
	};
	rootObject = 4B9BF9041B82C1740056C990 /* Project object */;
}
